
Microsoft Visual Studio Solution File, Format Version 12.00
# Visual Studio 2017
Project("{FAE04EC0-301F-11D3-BF4B-00C04F79EFBC}") = "AirCraft Shooter", "AirCraft Shooter.csproj", "{7069395E-C239-CA77-AF68-C02F51B3049D}"
EndProject
Global
	GlobalSection(SolutionConfigurationPlatforms) = preSolution
		Debug|Any CPU = Debug|Any CPU
		Release|Any CPU = Release|Any CPU
	EndGlobalSection
	GlobalSection(ProjectConfigurationPlatforms) = postSolution
		{7069395E-C239-CA77-AF68-C02F51B3049D}.Debug|Any CPU.ActiveCfg = Debug|Any CPU
		{7069395E-C239-CA77-AF68-C02F51B3049D}.Debug|Any CPU.Build.0 = Debug|Any CPU
		{7069395E-C239-CA77-AF68-C02F51B3049D}.Release|Any CPU.ActiveCfg = Release|Any CPU
		{7069395E-C239-CA77-AF68-C02F51B3049D}.Release|Any CPU.Build.0 = Release|Any CPU
	EndGlobalSection
	GlobalSection(SolutionProperties) = preSolution
		HideSolutionNode = FALSE
	EndGlobalSection
EndGlobal
